# THIS IS AN AUTOGENERATED FILE. DO NOT EDIT THIS FILE DIRECTLY.
# yarn lockfile v1


async@^1.5.2:
  version "1.5.2"
  resolved "https://registry.npm.taobao.org/async/download/async-1.5.2.tgz#ec6a61ae56480c0c3cb241c95618e20892f9672a"
  integrity sha1-7GphrlZIDAw8skHJVhjiCJL5Zyo=

axios@^0.19.2:
  version "0.19.2"
  resolved "https://registry.npm.taobao.org/axios/download/axios-0.19.2.tgz#3ea36c5d8818d0d5f8a8a97a6d36b86cdc00cb27"
  integrity sha1-PqNsXYgY0NX4qKl6bTa4bNwAyyc=
  dependencies:
    follow-redirects "1.5.10"

coffee-script@^1.7.1:
  version "1.12.7"
  resolved "https://registry.npm.taobao.org/coffee-script/download/coffee-script-1.12.7.tgz#c05dae0cb79591d05b3070a8433a98c9a89ccc53"
  integrity sha1-wF2uDLeVkdBbMHCoQzqYyaiczFM=

coffee-script@~1.7.1:
  version "1.7.1"
  resolved "https://registry.npm.taobao.org/coffee-script/download/coffee-script-1.7.1.tgz#62996a861780c75e6d5069d13822723b73404bfc"
  integrity sha1-YplqhheAx15tUGnROCJyO3NAS/w=
  dependencies:
    mkdirp "~0.3.5"

commander@^2.9.0:
  version "2.20.3"
  resolved "https://registry.npm.taobao.org/commander/download/commander-2.20.3.tgz#fd485e84c03eb4881c20722ba48035e8531aeb33"
  integrity sha1-/UhehMA+tIgcIHIrpIA16FMa6zM=

debug@=3.1.0:
  version "3.1.0"
  resolved "https://registry.npm.taobao.org/debug/download/debug-3.1.0.tgz#5bb5a0672628b64149566ba16819e61518c67261"
  integrity sha1-W7WgZyYotkFJVmuhaBnmFRjGcmE=
  dependencies:
    ms "2.0.0"

extend@^3.0.0:
  version "3.0.2"
  resolved "https://registry.npm.taobao.org/extend/download/extend-3.0.2.tgz#f8b1136b4071fbd8eb140aff858b1019ec2915fa"
  integrity sha1-+LETa0Bx+9jrFAr/hYsQGewpFfo=

follow-redirects@1.5.10:
  version "1.5.10"
  resolved "https://registry.npm.taobao.org/follow-redirects/download/follow-redirects-1.5.10.tgz?cache=0&sync_timestamp=1592338272372&other_urls=https%3A%2F%2Fregistry.npm.taobao.org%2Ffollow-redirects%2Fdownload%2Ffollow-redirects-1.5.10.tgz#7b7a9f9aea2fdff36786a94ff643ed07f4ff5e2a"
  integrity sha1-e3qfmuov3/NnhqlP9kPtB/T/Xio=
  dependencies:
    debug "=3.1.0"

ini@^1.1.0:
  version "1.3.5"
  resolved "https://registry.npm.taobao.org/ini/download/ini-1.3.5.tgz#eee25f56db1c9ec6085e0c22778083f596abf927"
  integrity sha1-7uJfVtscnsYIXgwid4CD9Zar+Sc=

jistype@0.0.3:
  version "0.0.3"
  resolved "https://registry.npm.taobao.org/jistype/download/jistype-0.0.3.tgz#6560f6011d4a35d5ac0ff63d9c56eaaeffc95f34"
  integrity sha1-ZWD2AR1KNdWsD/Y9nFbqrv/JXzQ=
  dependencies:
    coffee-script "^1.7.1"

mkdirp@~0.3.5:
  version "0.3.5"
  resolved "https://registry.npm.taobao.org/mkdirp/download/mkdirp-0.3.5.tgz#de3e5f8961c88c787ee1368df849ac4413eca8d7"
  integrity sha1-3j5fiWHIjHh+4TaN+EmsRBPsqNc=

ms@2.0.0:
  version "2.0.0"
  resolved "https://registry.npm.taobao.org/ms/download/ms-2.0.0.tgz#5608aeadfc00be6c2901df5f9861788de0d597c8"
  integrity sha1-VgiurfwAvmwpAd9fmGF4jeDVl8g=

node-echo@^0.1.1:
  version "0.1.1"
  resolved "https://registry.npm.taobao.org/node-echo/download/node-echo-0.1.1.tgz#49e2ef18214f51cdadacee39f344002f676851de"
  integrity sha1-SeLvGCFPUc2trO4580QAL2doUd4=
  dependencies:
    coffee-script "~1.7.1"
    jistype "0.0.3"
    mkdirp "~0.3.5"

only@0.0.2:
  version "0.0.2"
  resolved "https://registry.npm.taobao.org/only/download/only-0.0.2.tgz#2afde84d03e50b9a8edc444e30610a70295edfb4"
  integrity sha1-Kv3oTQPlC5qO3EROMGEKcCle37Q=

open@0.0.5:
  version "0.0.5"
  resolved "https://registry.npm.taobao.org/open/download/open-0.0.5.tgz#42c3e18ec95466b6bf0dc42f3a2945c3f0cad8fc"
  integrity sha1-QsPhjslUZra/DcQvOilFw/DK2Pw=
